
Microsoft Visual Studio Solution File, Format Version 12.00
# Visual Studio Version 17
VisualStudioVersion = 17.14.36518.9 d17.14
MinimumVisualStudioVersion = 10.0.40219.1
Project("{F184B08F-C81C-45F6-A57F-5ABD9991F28F}") = "no4", "no4\no4.vbproj", "{A682A105-9131-4722-9035-1D178DE1A6C3}"
EndProject
Global
	GlobalSection(SolutionConfigurationPlatforms) = preSolution
		Debug|Any CPU = Debug|Any CPU
		Release|Any CPU = Release|Any CPU
	EndGlobalSection
	GlobalSection(ProjectConfigurationPlatforms) = postSolution
		{A682A105-9131-4722-9035-1D178DE1A6C3}.Debug|Any CPU.ActiveCfg = Debug|Any CPU
		{A682A105-9131-4722-9035-1D178DE1A6C3}.Debug|Any CPU.Build.0 = Debug|Any CPU
		{A682A105-9131-4722-9035-1D178DE1A6C3}.Release|Any CPU.ActiveCfg = Release|Any CPU
		{A682A105-9131-4722-9035-1D178DE1A6C3}.Release|Any CPU.Build.0 = Release|Any CPU
	EndGlobalSection
	GlobalSection(SolutionProperties) = preSolution
		HideSolutionNode = FALSE
	EndGlobalSection
	GlobalSection(ExtensibilityGlobals) = postSolution
		SolutionGuid = {7B5AEE78-2815-4CAB-97F9-F817447E7DC2}
	EndGlobalSection
EndGlobal
